{
	"name": "@orbstation/app",
	"version": "0.0.1",
	"lockfileVersion": 2,
	"requires": true,
	"packages": {
		"": {
			"name": "@orbstation/app",
			"version": "0.0.1",
			"license": "MIT",
			"devDependencies": {
				"@modelize/interop": "~0.0.1"
			},
			"peerDependencies": {
				"@modelize/interop": "~0.0.1"
			}
		},
		"../modelize-interop": {
			"name": "@modelize/interop",
			"version": "0.0.1",
			"extraneous": true,
			"license": "proprietary",
			"devDependencies": {}
		},
		"node_modules/@modelize/interop": {
			"version": "0.0.2",
			"resolved": "https://registry.npmjs.org/@modelize/interop/-/interop-0.0.2.tgz",
			"integrity": "sha512-U5KgFn3x4FoRwhN0UJWmz98ZkGklwUevqujC999fh2Xk+a6kmjJnkAGVgvd5cUcAdFTrf6zL90E6zY6R/SMxvg==",
			"dev": true
		}
	},
	"dependencies": {
		"@modelize/interop": {
			"version": "0.0.2",
			"resolved": "https://registry.npmjs.org/@modelize/interop/-/interop-0.0.2.tgz",
			"integrity": "sha512-U5KgFn3x4FoRwhN0UJWmz98ZkGklwUevqujC999fh2Xk+a6kmjJnkAGVgvd5cUcAdFTrf6zL90E6zY6R/SMxvg==",
			"dev": true
		}
	}
}
